
Microsoft Visual Studio Solution File, Format Version 12.00
# Visual Studio Version 16
VisualStudioVersion = 16.0.29306.81
MinimumVisualStudioVersion = 10.0.40219.1
Project("{FAE04EC0-301F-11D3-BF4B-00C04F79EFBC}") = "RPG", "RPG\RPG.csproj", "{9DCB304A-3927-42E8-9D29-FB0820354E4E}"
EndProject
Global
	GlobalSection(SolutionConfigurationPlatforms) = preSolution
		Debug|Any CPU = Debug|Any CPU
		Release|Any CPU = Release|Any CPU
	EndGlobalSection
	GlobalSection(ProjectConfigurationPlatforms) = postSolution
		{9DCB304A-3927-42E8-9D29-FB0820354E4E}.Debug|Any CPU.ActiveCfg = Debug|Any CPU
		{9DCB304A-3927-42E8-9D29-FB0820354E4E}.Debug|Any CPU.Build.0 = Debug|Any CPU
		{9DCB304A-3927-42E8-9D29-FB0820354E4E}.Release|Any CPU.ActiveCfg = Release|Any CPU
		{9DCB304A-3927-42E8-9D29-FB0820354E4E}.Release|Any CPU.Build.0 = Release|Any CPU
	EndGlobalSection
	GlobalSection(SolutionProperties) = preSolution
		HideSolutionNode = FALSE
	EndGlobalSection
	GlobalSection(ExtensibilityGlobals) = postSolution
		SolutionGuid = {DA76A8FB-E2E4-4D4E-AD81-8576A401E586}
	EndGlobalSection
EndGlobal
