
Microsoft Visual Studio Solution File, Format Version 12.00
# Visual Studio Version 16
VisualStudioVersion = 16.0.30011.22
MinimumVisualStudioVersion = 10.0.40219.1
Project("{FAE04EC0-301F-11D3-BF4B-00C04F79EFBC}") = "WebApplication2", "WebApplication2\WebApplication2.csproj", "{A3C4B520-7F32-41BD-BB6D-89C04904A2D5}"
EndProject
Global
	GlobalSection(SolutionConfigurationPlatforms) = preSolution
		Debug|Any CPU = Debug|Any CPU
		Release|Any CPU = Release|Any CPU
	EndGlobalSection
	GlobalSection(ProjectConfigurationPlatforms) = postSolution
		{A3C4B520-7F32-41BD-BB6D-89C04904A2D5}.Debug|Any CPU.ActiveCfg = Debug|Any CPU
		{A3C4B520-7F32-41BD-BB6D-89C04904A2D5}.Debug|Any CPU.Build.0 = Debug|Any CPU
		{A3C4B520-7F32-41BD-BB6D-89C04904A2D5}.Release|Any CPU.ActiveCfg = Release|Any CPU
		{A3C4B520-7F32-41BD-BB6D-89C04904A2D5}.Release|Any CPU.Build.0 = Release|Any CPU
	EndGlobalSection
	GlobalSection(SolutionProperties) = preSolution
		HideSolutionNode = FALSE
	EndGlobalSection
	GlobalSection(ExtensibilityGlobals) = postSolution
		SolutionGuid = {FC182C95-8D23-411D-A5E0-8E2C33E072C8}
	EndGlobalSection
EndGlobal
